
Microsoft Visual Studio Solution File, Format Version 12.00
# Visual Studio Version 17
VisualStudioVersion = 17.14.37111.16 d17.14
MinimumVisualStudioVersion = 10.0.40219.1
Project("{FAE04EC0-301F-11D3-BF4B-00C04F79EFBC}") = "WebApplication1", "WebApplication1\WebApplication1.csproj", "{E980F311-0868-4A45-9FCE-CBA14C334ABE}"
EndProject
Global
	GlobalSection(SolutionConfigurationPlatforms) = preSolution
		Debug|Any CPU = Debug|Any CPU
		Release|Any CPU = Release|Any CPU
	EndGlobalSection
	GlobalSection(ProjectConfigurationPlatforms) = postSolution
		{E980F311-0868-4A45-9FCE-CBA14C334ABE}.Debug|Any CPU.ActiveCfg = Debug|Any CPU
		{E980F311-0868-4A45-9FCE-CBA14C334ABE}.Debug|Any CPU.Build.0 = Debug|Any CPU
		{E980F311-0868-4A45-9FCE-CBA14C334ABE}.Release|Any CPU.ActiveCfg = Release|Any CPU
		{E980F311-0868-4A45-9FCE-CBA14C334ABE}.Release|Any CPU.Build.0 = Release|Any CPU
	EndGlobalSection
	GlobalSection(SolutionProperties) = preSolution
		HideSolutionNode = FALSE
	EndGlobalSection
	GlobalSection(ExtensibilityGlobals) = postSolution
		SolutionGuid = {372E8D5A-0A55-4E12-A646-9211BEBE9BF1}
	EndGlobalSection
EndGlobal
